
Microsoft Visual Studio Solution File, Format Version 12.00
# Visual Studio Version 17
VisualStudioVersion = 17.3.32825.248
MinimumVisualStudioVersion = 10.0.40219.1
Project("{FAE04EC0-301F-11D3-BF4B-00C04F79EFBC}") = "GraphQL", "GraphQL\GraphQL.csproj", "{4C106858-18F8-4C5C-8CD0-7DFE02F05667}"
EndProject
Global
	GlobalSection(SolutionConfigurationPlatforms) = preSolution
		Debug|Any CPU = Debug|Any CPU
		Release|Any CPU = Release|Any CPU
	EndGlobalSection
	GlobalSection(ProjectConfigurationPlatforms) = postSolution
		{4C106858-18F8-4C5C-8CD0-7DFE02F05667}.Debug|Any CPU.ActiveCfg = Debug|Any CPU
		{4C106858-18F8-4C5C-8CD0-7DFE02F05667}.Debug|Any CPU.Build.0 = Debug|Any CPU
		{4C106858-18F8-4C5C-8CD0-7DFE02F05667}.Release|Any CPU.ActiveCfg = Release|Any CPU
		{4C106858-18F8-4C5C-8CD0-7DFE02F05667}.Release|Any CPU.Build.0 = Release|Any CPU
	EndGlobalSection
	GlobalSection(SolutionProperties) = preSolution
		HideSolutionNode = FALSE
	EndGlobalSection
	GlobalSection(ExtensibilityGlobals) = postSolution
		SolutionGuid = {2BEF8496-1D47-4899-B73E-592F02FD3596}
	EndGlobalSection
EndGlobal
